
Microsoft Visual Studio Solution File, Format Version 12.00
# Visual Studio Version 16
VisualStudioVersion = 16.0.29503.13
MinimumVisualStudioVersion = 10.0.40219.1
Project("{FAE04EC0-301F-11D3-BF4B-00C04F79EFBC}") = "DemoApp", "DemoApp\DemoApp.csproj", "{FDC1EB08-F334-4209-8053-3FCE6F135C74}"
EndProject
Project("{FAE04EC0-301F-11D3-BF4B-00C04F79EFBC}") = "UnitTestProject1", "UnitTestProject1\UnitTestProject1.csproj", "{E4591CC8-B27A-4D43-A0F9-1F12479A8235}"
EndProject
Global
	GlobalSection(SolutionConfigurationPlatforms) = preSolution
		Debug|Any CPU = Debug|Any CPU
		Release|Any CPU = Release|Any CPU
	EndGlobalSection
	GlobalSection(ProjectConfigurationPlatforms) = postSolution
		{FDC1EB08-F334-4209-8053-3FCE6F135C74}.Debug|Any CPU.ActiveCfg = Debug|Any CPU
		{FDC1EB08-F334-4209-8053-3FCE6F135C74}.Debug|Any CPU.Build.0 = Debug|Any CPU
		{FDC1EB08-F334-4209-8053-3FCE6F135C74}.Release|Any CPU.ActiveCfg = Release|Any CPU
		{FDC1EB08-F334-4209-8053-3FCE6F135C74}.Release|Any CPU.Build.0 = Release|Any CPU
		{E4591CC8-B27A-4D43-A0F9-1F12479A8235}.Debug|Any CPU.ActiveCfg = Debug|Any CPU
		{E4591CC8-B27A-4D43-A0F9-1F12479A8235}.Debug|Any CPU.Build.0 = Debug|Any CPU
		{E4591CC8-B27A-4D43-A0F9-1F12479A8235}.Release|Any CPU.ActiveCfg = Release|Any CPU
		{E4591CC8-B27A-4D43-A0F9-1F12479A8235}.Release|Any CPU.Build.0 = Release|Any CPU
	EndGlobalSection
	GlobalSection(SolutionProperties) = preSolution
		HideSolutionNode = FALSE
	EndGlobalSection
	GlobalSection(ExtensibilityGlobals) = postSolution
		SolutionGuid = {5CEBA8FC-7A9A-445A-B696-714B18BE01C1}
	EndGlobalSection
EndGlobal
